
Microsoft Visual Studio Solution File, Format Version 12.00
# Visual Studio Version 17
VisualStudioVersion = 17.7.34221.43
MinimumVisualStudioVersion = 10.0.40219.1
Project("{FAE04EC0-301F-11D3-BF4B-00C04F79EFBC}") = "OOP_AV1_VJEŽBA", "OOP_AV1_VJEŽBA\OOP_AV1_VJEŽBA.csproj", "{20142A41-E659-4AFE-B52F-67FA99455E2B}"
EndProject
Global
	GlobalSection(SolutionConfigurationPlatforms) = preSolution
		Debug|Any CPU = Debug|Any CPU
		Release|Any CPU = Release|Any CPU
	EndGlobalSection
	GlobalSection(ProjectConfigurationPlatforms) = postSolution
		{20142A41-E659-4AFE-B52F-67FA99455E2B}.Debug|Any CPU.ActiveCfg = Debug|Any CPU
		{20142A41-E659-4AFE-B52F-67FA99455E2B}.Debug|Any CPU.Build.0 = Debug|Any CPU
		{20142A41-E659-4AFE-B52F-67FA99455E2B}.Release|Any CPU.ActiveCfg = Release|Any CPU
		{20142A41-E659-4AFE-B52F-67FA99455E2B}.Release|Any CPU.Build.0 = Release|Any CPU
	EndGlobalSection
	GlobalSection(SolutionProperties) = preSolution
		HideSolutionNode = FALSE
	EndGlobalSection
	GlobalSection(ExtensibilityGlobals) = postSolution
		SolutionGuid = {DA92FD27-7C21-4EB0-95EB-C5B882F5FD21}
	EndGlobalSection
EndGlobal
