
Microsoft Visual Studio Solution File, Format Version 12.00
# Visual Studio Version 17
VisualStudioVersion = 17.7.34221.43
MinimumVisualStudioVersion = 10.0.40219.1
Project("{FAE04EC0-301F-11D3-BF4B-00C04F79EFBC}") = "OOP_AV3_VJEŽBA", "OOP_AV3_VJEŽBA\OOP_AV3_VJEŽBA.csproj", "{4361F6EF-30FF-429F-9791-58764420DF69}"
EndProject
Global
	GlobalSection(SolutionConfigurationPlatforms) = preSolution
		Debug|Any CPU = Debug|Any CPU
		Release|Any CPU = Release|Any CPU
	EndGlobalSection
	GlobalSection(ProjectConfigurationPlatforms) = postSolution
		{4361F6EF-30FF-429F-9791-58764420DF69}.Debug|Any CPU.ActiveCfg = Debug|Any CPU
		{4361F6EF-30FF-429F-9791-58764420DF69}.Debug|Any CPU.Build.0 = Debug|Any CPU
		{4361F6EF-30FF-429F-9791-58764420DF69}.Release|Any CPU.ActiveCfg = Release|Any CPU
		{4361F6EF-30FF-429F-9791-58764420DF69}.Release|Any CPU.Build.0 = Release|Any CPU
	EndGlobalSection
	GlobalSection(SolutionProperties) = preSolution
		HideSolutionNode = FALSE
	EndGlobalSection
	GlobalSection(ExtensibilityGlobals) = postSolution
		SolutionGuid = {F52D489D-0879-4326-9EBA-B69B936FAAF3}
	EndGlobalSection
EndGlobal
