
Microsoft Visual Studio Solution File, Format Version 12.00
# Visual Studio Version 17
VisualStudioVersion = 17.7.34221.43
MinimumVisualStudioVersion = 10.0.40219.1
Project("{FAE04EC0-301F-11D3-BF4B-00C04F79EFBC}") = "OOP_AV6_VJEŽBA", "OOP_AV6_VJEŽBA\OOP_AV6_VJEŽBA.csproj", "{03091881-3B12-4F48-AB0A-2C3EDAD19AFF}"
EndProject
Global
	GlobalSection(SolutionConfigurationPlatforms) = preSolution
		Debug|Any CPU = Debug|Any CPU
		Release|Any CPU = Release|Any CPU
	EndGlobalSection
	GlobalSection(ProjectConfigurationPlatforms) = postSolution
		{03091881-3B12-4F48-AB0A-2C3EDAD19AFF}.Debug|Any CPU.ActiveCfg = Debug|Any CPU
		{03091881-3B12-4F48-AB0A-2C3EDAD19AFF}.Debug|Any CPU.Build.0 = Debug|Any CPU
		{03091881-3B12-4F48-AB0A-2C3EDAD19AFF}.Release|Any CPU.ActiveCfg = Release|Any CPU
		{03091881-3B12-4F48-AB0A-2C3EDAD19AFF}.Release|Any CPU.Build.0 = Release|Any CPU
	EndGlobalSection
	GlobalSection(SolutionProperties) = preSolution
		HideSolutionNode = FALSE
	EndGlobalSection
	GlobalSection(ExtensibilityGlobals) = postSolution
		SolutionGuid = {38427C9B-26E9-4F7C-951B-17E27B38A33A}
	EndGlobalSection
EndGlobal
